{
  "lockfile-version": 1,
  "manifest": {
    "version": 1,
    "install": {
      "bun": {
        "pkg-path": "bun"
      }
    },
    "hook": {},
    "profile": {},
    "options": {}
  },
  "packages": [
    {
      "attr_path": "bun",
      "broken": false,
      "derivation": "/nix/store/rfza832n570qz6rlpk2mh2j8mkgkz1y9-bun-1.3.5.drv",
      "description": "Incredibly fast JavaScript runtime, bundler, transpiler and package manager – all in one",
      "install_id": "bun",
      "license": "[ MIT, LGPL-2.1-only ]",
      "locked_url": "https://github.com/flox/nixpkgs?rev=3e2499d5539c16d0d173ba53552a4ff8547f4539",
      "name": "bun-1.3.5",
      "pname": "bun",
      "rev": "3e2499d5539c16d0d173ba53552a4ff8547f4539",
      "rev_count": 916364,
      "rev_date": "2025-12-25T08:32:45Z",
      "scrape_date": "2025-12-26T03:02:30.446614Z",
      "stabilities": [
        "staging",
        "unstable"
      ],
      "unfree": false,
      "version": "1.3.5",
      "outputs_to_install": [
        "out"
      ],
      "outputs": {
        "out": "/nix/store/y8i9bg0dmbcr8xl7z2qr3q469p8zpy92-bun-1.3.5"
      },
      "system": "aarch64-darwin",
      "group": "toplevel",
      "priority": 5
    },
    {
      "attr_path": "bun",
      "broken": false,
      "derivation": "/nix/store/z3i3adm8bvywb1rj8zyymahxbx1cmsd8-bun-1.3.5.drv",
      "description": "Incredibly fast JavaScript runtime, bundler, transpiler and package manager – all in one",
      "install_id": "bun",
      "license": "[ MIT, LGPL-2.1-only ]",
      "locked_url": "https://github.com/flox/nixpkgs?rev=3e2499d5539c16d0d173ba53552a4ff8547f4539",
      "name": "bun-1.3.5",
      "pname": "bun",
      "rev": "3e2499d5539c16d0d173ba53552a4ff8547f4539",
      "rev_count": 916364,
      "rev_date": "2025-12-25T08:32:45Z",
      "scrape_date": "2025-12-26T03:18:51.565057Z",
      "stabilities": [
        "staging",
        "unstable"
      ],
      "unfree": false,
      "version": "1.3.5",
      "outputs_to_install": [
        "out"
      ],
      "outputs": {
        "out": "/nix/store/19r2z9d6g2sk2axi14g3hfjbcd0r6sa7-bun-1.3.5"
      },
      "system": "aarch64-linux",
      "group": "toplevel",
      "priority": 5
    },
    {
      "attr_path": "bun",
      "broken": false,
      "derivation": "/nix/store/2rbi8fsfsixwj6l3nrvgk4hk3gnfmnvl-bun-1.3.5.drv",
      "description": "Incredibly fast JavaScript runtime, bundler, transpiler and package manager – all in one",
      "install_id": "bun",
      "license": "[ MIT, LGPL-2.1-only ]",
      "locked_url": "https://github.com/flox/nixpkgs?rev=3e2499d5539c16d0d173ba53552a4ff8547f4539",
      "name": "bun-1.3.5",
      "pname": "bun",
      "rev": "3e2499d5539c16d0d173ba53552a4ff8547f4539",
      "rev_count": 916364,
      "rev_date": "2025-12-25T08:32:45Z",
      "scrape_date": "2025-12-26T03:34:56.818538Z",
      "stabilities": [
        "staging",
        "unstable"
      ],
      "unfree": false,
      "version": "1.3.5",
      "outputs_to_install": [
        "out"
      ],
      "outputs": {
        "out": "/nix/store/0500h67pqlc7vxq0nbxgmfqsxammm39h-bun-1.3.5"
      },
      "system": "x86_64-darwin",
      "group": "toplevel",
      "priority": 5
    },
    {
      "attr_path": "bun",
      "broken": false,
      "derivation": "/nix/store/l8jfsxwvfyqcm60xix869ibqmnil4p2z-bun-1.3.5.drv",
      "description": "Incredibly fast JavaScript runtime, bundler, transpiler and package manager – all in one",
      "install_id": "bun",
      "license": "[ MIT, LGPL-2.1-only ]",
      "locked_url": "https://github.com/flox/nixpkgs?rev=3e2499d5539c16d0d173ba53552a4ff8547f4539",
      "name": "bun-1.3.5",
      "pname": "bun",
      "rev": "3e2499d5539c16d0d173ba53552a4ff8547f4539",
      "rev_count": 916364,
      "rev_date": "2025-12-25T08:32:45Z",
      "scrape_date": "2025-12-26T03:51:07.536957Z",
      "stabilities": [
        "staging",
        "unstable"
      ],
      "unfree": false,
      "version": "1.3.5",
      "outputs_to_install": [
        "out"
      ],
      "outputs": {
        "out": "/nix/store/jw2mdc7mmp5zdgl9xrzidnnci5dx40ci-bun-1.3.5"
      },
      "system": "x86_64-linux",
      "group": "toplevel",
      "priority": 5
    }
  ]
}